
Microsoft Visual Studio Solution File, Format Version 12.00
# Visual Studio Version 16
VisualStudioVersion = 16.0.32630.194
MinimumVisualStudioVersion = 10.0.40219.1
Project("{FAE04EC0-301F-11D3-BF4B-00C04F79EFBC}") = "01-ejemplo_practico", "01-ejemplo_practico\01-ejemplo_practico.csproj", "{B06D6720-CCDB-463B-9698-F60714DA6357}"
EndProject
Project("{FAE04EC0-301F-11D3-BF4B-00C04F79EFBC}") = "02-presentacion-login", "presentacion\02-presentacion-login.csproj", "{DA61B6EC-9074-4F15-BE00-F3F7F6B1106E}"
EndProject
Project("{FAE04EC0-301F-11D3-BF4B-00C04F79EFBC}") = "Modelo", "Modelo\Modelo.csproj", "{DC31D923-E279-4680-96C9-81F0012CC457}"
EndProject
Global
	GlobalSection(SolutionConfigurationPlatforms) = preSolution
		Debug|Any CPU = Debug|Any CPU
		Release|Any CPU = Release|Any CPU
	EndGlobalSection
	GlobalSection(ProjectConfigurationPlatforms) = postSolution
		{B06D6720-CCDB-463B-9698-F60714DA6357}.Debug|Any CPU.ActiveCfg = Debug|Any CPU
		{B06D6720-CCDB-463B-9698-F60714DA6357}.Debug|Any CPU.Build.0 = Debug|Any CPU
		{B06D6720-CCDB-463B-9698-F60714DA6357}.Release|Any CPU.ActiveCfg = Release|Any CPU
		{B06D6720-CCDB-463B-9698-F60714DA6357}.Release|Any CPU.Build.0 = Release|Any CPU
		{DA61B6EC-9074-4F15-BE00-F3F7F6B1106E}.Debug|Any CPU.ActiveCfg = Debug|Any CPU
		{DA61B6EC-9074-4F15-BE00-F3F7F6B1106E}.Debug|Any CPU.Build.0 = Debug|Any CPU
		{DA61B6EC-9074-4F15-BE00-F3F7F6B1106E}.Release|Any CPU.ActiveCfg = Release|Any CPU
		{DA61B6EC-9074-4F15-BE00-F3F7F6B1106E}.Release|Any CPU.Build.0 = Release|Any CPU
		{DC31D923-E279-4680-96C9-81F0012CC457}.Debug|Any CPU.ActiveCfg = Debug|Any CPU
		{DC31D923-E279-4680-96C9-81F0012CC457}.Debug|Any CPU.Build.0 = Debug|Any CPU
		{DC31D923-E279-4680-96C9-81F0012CC457}.Release|Any CPU.ActiveCfg = Release|Any CPU
		{DC31D923-E279-4680-96C9-81F0012CC457}.Release|Any CPU.Build.0 = Release|Any CPU
	EndGlobalSection
	GlobalSection(SolutionProperties) = preSolution
		HideSolutionNode = FALSE
	EndGlobalSection
	GlobalSection(ExtensibilityGlobals) = postSolution
		SolutionGuid = {ECEECE95-792B-499A-BB12-BB801EEC8267}
	EndGlobalSection
EndGlobal
